// !$*UTF8*$!
{
	archiveVersion = 1;
	classes = {
	};
	objectVersion = 46;
	objects = {

/* Begin PBXBuildFile section */
		A165A6AD1AA6A38900FFC0E0 /* main.m in Sources */ = {isa = PBXBuildFile; fileRef = A165A6AC1AA6A38900FFC0E0 /* main.m */; };
		A165A6B01AA6A38900FFC0E0 /* AppDelegate.m in Sources */ = {isa = PBXBuildFile; fileRef = A165A6AF1AA6A38900FFC0E0 /* AppDelegate.m */; };
		A165A6B31AA6A38900FFC0E0 /* LoginTest.xcdatamodeld in Sources */ = {isa = PBXBuildFile; fileRef = A165A6B11AA6A38900FFC0E0 /* LoginTest.xcdatamodeld */; };
		A165A6B61AA6A38900FFC0E0 /* ViewController.m in Sources */ = {isa = PBXBuildFile; fileRef = A165A6B51AA6A38900FFC0E0 /* ViewController.m */; };
		A165A6B91AA6A38900FFC0E0 /* Main.storyboard in Resources */ = {isa = PBXBuildFile; fileRef = A165A6B71AA6A38900FFC0E0 /* Main.storyboard */; };
		A165A6BB1AA6A38900FFC0E0 /* Images.xcassets in Resources */ = {isa = PBXBuildFile; fileRef = A165A6BA1AA6A38900FFC0E0 /* Images.xcassets */; };
		A165A6BE1AA6A38900FFC0E0 /* LaunchScreen.xib in Resources */ = {isa = PBXBuildFile; fileRef = A165A6BC1AA6A38900FFC0E0 /* LaunchScreen.xib */; };
		A165A6CA1AA6A38A00FFC0E0 /* LoginTestTests.m in Sources */ = {isa = PBXBuildFile; fileRef = A165A6C91AA6A38A00FFC0E0 /* LoginTestTests.m */; };
/* End PBXBuildFile section */

/* Begin PBXContainerItemProxy section */
		A165A6C41AA6A38A00FFC0E0 /* PBXContainerItemProxy */ = {
			isa = PBXContainerItemProxy;
			containerPortal = A165A69F1AA6A38900FFC0E0 /* Project object */;
			proxyType = 1;
			remoteGlobalIDString = A165A6A61AA6A38900FFC0E0;
			remoteInfo = LoginTest;
		};
/* End PBXContainerItemProxy section */

/* Begin PBXFileReference section */
		A165A6A71AA6A38900FFC0E0 /* LoginTest.app */ = {isa = PBXFileReference; explicitFileType = wrapper.application; includeInIndex = 0; path = LoginTest.app; sourceTree = BUILT_PRODUCTS_DIR; };
		A165A6AB1AA6A38900FFC0E0 /* Info.plist */ = {isa = PBXFileReference; lastKnownFileType = text.plist.xml; path = Info.plist; sourceTree = "<group>"; };
		A165A6AC1AA6A38900FFC0E0 /* main.m */ = {isa = PBXFileReference; lastKnownFileType = sourcecode.c.objc; path = main.m; sourceTree = "<group>"; };
		A165A6AE1AA6A38900FFC0E0 /* AppDelegate.h */ = {isa = PBXFileReference; lastKnownFileType = sourcecode.c.h; path = AppDelegate.h; sourceTree = "<group>"; };
		A165A6AF1AA6A38900FFC0E0 /* AppDelegate.m */ = {isa = PBXFileReference; lastKnownFileType = sourcecode.c.objc; path = AppDelegate.m; sourceTree = "<group>"; };
		A165A6B21AA6A38900FFC0E0 /* LoginTest.xcdatamodel */ = {isa = PBXFileReference; lastKnownFileType = wrapper.xcdatamodel; path = LoginTest.xcdatamodel; sourceTree = "<group>"; };
		A165A6B41AA6A38900FFC0E0 /* ViewController.h */ = {isa = PBXFileReference; lastKnownFileType = sourcecode.c.h; path = ViewController.h; sourceTree = "<group>"; };
		A165A6B51AA6A38900FFC0E0 /* ViewController.m */ = {isa = PBXFileReference; lastKnownFileType = sourcecode.c.objc; path = ViewController.m; sourceTree = "<group>"; };
		A165A6B81AA6A38900FFC0E0 /* Base */ = {isa = PBXFileReference; lastKnownFileType = file.storyboard; name = Base; path = Base.lproj/Main.storyboard; sourceTree = "<group>"; };
		A165A6BA1AA6A38900FFC0E0 /* Images.xcassets */ = {isa = PBXFileReference; lastKnownFileType = folder.assetcatalog; path = Images.xcassets; sourceTree = "<group>"; };
		A165A6BD1AA6A38900FFC0E0 /* Base */ = {isa = PBXFileReference; lastKnownFileType = file.xib; name = Base; path = Base.lproj/LaunchScreen.xib; sourceTree = "<group>"; };
		A165A6C31AA6A38A00FFC0E0 /* LoginTestTests.xctest */ = {isa = PBXFileReference; explicitFileType = wrapper.cfbundle; includeInIndex = 0; path = LoginTestTests.xctest; sourceTree = BUILT_PRODUCTS_DIR; };
		A165A6C81AA6A38A00FFC0E0 /* Info.plist */ = {isa = PBXFileReference; lastKnownFileType = text.plist.xml; path = Info.plist; sourceTree = "<group>"; };
		A165A6C91AA6A38A00FFC0E0 /* LoginTestTests.m */ = {isa = PBXFileReference; lastKnownFileType = sourcecode.c.objc; path = LoginTestTests.m; sourceTree = "<group>"; };
/* End PBXFileReference section */

/* Begin PBXFrameworksBuildPhase section */
		A165A6A41AA6A38900FFC0E0 /* Frameworks */ = {
			isa = PBXFrameworksBuildPhase;
			buildActionMask = 2147483647;
			files = (
			);
			runOnlyForDeploymentPostprocessing = 0;
		};
		A165A6C01AA6A38A00FFC0E0 /* Frameworks */ = {
			isa = PBXFrameworksBuildPhase;
			buildActionMask = 2147483647;
			files = (
			);
			runOnlyForDeploymentPostprocessing = 0;
		};
/* End PBXFrameworksBuildPhase section */

/* Begin PBXGroup section */
		A165A69E1AA6A38900FFC0E0 = {
			isa = PBXGroup;
			children = (
				A165A6A91AA6A38900FFC0E0 /* LoginTest */,
				A165A6C61AA6A38A00FFC0E0 /* LoginTestTests */,
				A165A6A81AA6A38900FFC0E0 /* Products */,
			);
			sourceTree = "<group>";
		};
		A165A6A81AA6A38900FFC0E0 /* Products */ = {
			isa = PBXGroup;
			children = (
				A165A6A71AA6A38900FFC0E0 /* LoginTest.app */,
				A165A6C31AA6A38A00FFC0E0 /* LoginTestTests.xctest */,
			);
			name = Products;
			sourceTree = "<group>";
		};
		A165A6A91AA6A38900FFC0E0 /* LoginTest */ = {
			isa = PBXGroup;
			children = (
				A165A6AE1AA6A38900FFC0E0 /* AppDelegate.h */,
				A165A6AF1AA6A38900FFC0E0 /* AppDelegate.m */,
				A165A6B41AA6A38900FFC0E0 /* ViewController.h */,
				A165A6B51AA6A38900FFC0E0 /* ViewController.m */,
				A165A6B71AA6A38900FFC0E0 /* Main.storyboard */,
				A165A6BA1AA6A38900FFC0E0 /* Images.xcassets */,
				A165A6BC1AA6A38900FFC0E0 /* LaunchScreen.xib */,
				A165A6B11AA6A38900FFC0E0 /* LoginTest.xcdatamodeld */,
				A165A6AA1AA6A38900FFC0E0 /* Supporting Files */,
			);
			path = LoginTest;
			sourceTree = "<group>";
		};
		A165A6AA1AA6A38900FFC0E0 /* Supporting Files */ = {
			isa = PBXGroup;
			children = (
				A165A6AB1AA6A38900FFC0E0 /* Info.plist */,
				A165A6AC1AA6A38900FFC0E0 /* main.m */,
			);
			name = "Supporting Files";
			sourceTree = "<group>";
		};
		A165A6C61AA6A38A00FFC0E0 /* LoginTestTests */ = {
			isa = PBXGroup;
			children = (
				A165A6C91AA6A38A00FFC0E0 /* LoginTestTests.m */,
				A165A6C71AA6A38A00FFC0E0 /* Supporting Files */,
			);
			path = LoginTestTests;
			sourceTree = "<group>";
		};
		A165A6C71AA6A38A00FFC0E0 /* Supporting Files */ = {
			isa = PBXGroup;
			children = (
				A165A6C81AA6A38A00FFC0E0 /* Info.plist */,
			);
			name = "Supporting Files";
			sourceTree = "<group>";
		};
/* End PBXGroup section */

/* Begin PBXNativeTarget section */
		A165A6A61AA6A38900FFC0E0 /* LoginTest */ = {
			isa = PBXNativeTarget;
			buildConfigurationList = A165A6CD1AA6A38A00FFC0E0 /* Build configuration list for PBXNativeTarget "LoginTest" */;
			buildPhases = (
				A165A6A31AA6A38900FFC0E0 /* Sources */,
				A165A6A41AA6A38900FFC0E0 /* Frameworks */,
				A165A6A51AA6A38900FFC0E0 /* Resources */,
			);
			buildRules = (
			);
			dependencies = (
			);
			name = LoginTest;
			productName = LoginTest;
			productReference = A165A6A71AA6A38900FFC0E0 /* LoginTest.app */;
			productType = "com.apple.product-type.application";
		};
		A165A6C21AA6A38A00FFC0E0 /* LoginTestTests */ = {
			isa = PBXNativeTarget;
			buildConfigurationList = A165A6D01AA6A38A00FFC0E0 /* Build configuration list for PBXNativeTarget "LoginTestTests" */;
			buildPhases = (
				A165A6BF1AA6A38A00FFC0E0 /* Sources */,
				A165A6C01AA6A38A00FFC0E0 /* Frameworks */,
				A165A6C11AA6A38A00FFC0E0 /* Resources */,
			);
			buildRules = (
			);
			dependencies = (
				A165A6C51AA6A38A00FFC0E0 /* PBXTargetDependency */,
			);
			name = LoginTestTests;
			productName = LoginTestTests;
			productReference = A165A6C31AA6A38A00FFC0E0 /* LoginTestTests.xctest */;
			productType = "com.apple.product-type.bundle.unit-test";
		};
/* End PBXNativeTarget section */

/* Begin PBXProject section */
		A165A69F1AA6A38900FFC0E0 /* Project object */ = {
			isa = PBXProject;
			attributes = {
				LastUpgradeCheck = 0610;
				ORGANIZATIONNAME = chahoo;
				TargetAttributes = {
					A165A6A61AA6A38900FFC0E0 = {
						CreatedOnToolsVersion = 6.1;
					};
					A165A6C21AA6A38A00FFC0E0 = {
						CreatedOnToolsVersion = 6.1;
						TestTargetID = A165A6A61AA6A38900FFC0E0;
					};
				};
			};
			buildConfigurationList = A165A6A21AA6A38900FFC0E0 /* Build configuration list for PBXProject "LoginTest" */;
			compatibilityVersion = "Xcode 3.2";
			developmentRegion = English;
			hasScannedForEncodings = 0;
			knownRegions = (
				en,
				Base,
			);
			mainGroup = A165A69E1AA6A38900FFC0E0;
			productRefGroup = A165A6A81AA6A38900FFC0E0 /* Products */;
			projectDirPath = "";
			projectRoot = "";
			targets = (
				A165A6A61AA6A38900FFC0E0 /* LoginTest */,
				A165A6C21AA6A38A00FFC0E0 /* LoginTestTests */,
			);
		};
/* End PBXProject section */

/* Begin PBXResourcesBuildPhase section */
		A165A6A51AA6A38900FFC0E0 /* Resources */ = {
			isa = PBXResourcesBuildPhase;
			buildActionMask = 2147483647;
			files = (
				A165A6B91AA6A38900FFC0E0 /* Main.storyboard in Resources */,
				A165A6BE1AA6A38900FFC0E0 /* LaunchScreen.xib in Resources */,
				A165A6BB1AA6A38900FFC0E0 /* Images.xcassets in Resources */,
			);
			runOnlyForDeploymentPostprocessing = 0;
		};
		A165A6C11AA6A38A00FFC0E0 /* Resources */ = {
			isa = PBXResourcesBuildPhase;
			buildActionMask = 2147483647;
			files = (
			);
			runOnlyForDeploymentPostprocessing = 0;
		};
/* End PBXResourcesBuildPhase section */

/* Begin PBXSourcesBuildPhase section */
		A165A6A31AA6A38900FFC0E0 /* Sources */ = {
			isa = PBXSourcesBuildPhase;
			buildActionMask = 2147483647;
			files = (
				A165A6B01AA6A38900FFC0E0 /* AppDelegate.m in Sources */,
				A165A6B31AA6A38900FFC0E0 /* LoginTest.xcdatamodeld in Sources */,
				A165A6B61AA6A38900FFC0E0 /* ViewController.m in Sources */,
				A165A6AD1AA6A38900FFC0E0 /* main.m in Sources */,
			);
			runOnlyForDeploymentPostprocessing = 0;
		};
		A165A6BF1AA6A38A00FFC0E0 /* Sources */ = {
			isa = PBXSourcesBuildPhase;
			buildActionMask = 2147483647;
			files = (
				A165A6CA1AA6A38A00FFC0E0 /* LoginTestTests.m in Sources */,
			);
			runOnlyForDeploymentPostprocessing = 0;
		};
/* End PBXSourcesBuildPhase section */

/* Begin PBXTargetDependency section */
		A165A6C51AA6A38A00FFC0E0 /* PBXTargetDependency */ = {
			isa = PBXTargetDependency;
			target = A165A6A61AA6A38900FFC0E0 /* LoginTest */;
			targetProxy = A165A6C41AA6A38A00FFC0E0 /* PBXContainerItemProxy */;
		};
/* End PBXTargetDependency section */

/* Begin PBXVariantGroup section */
		A165A6B71AA6A38900FFC0E0 /* Main.storyboard */ = {
			isa = PBXVariantGroup;
			children = (
				A165A6B81AA6A38900FFC0E0 /* Base */,
			);
			name = Main.storyboard;
			sourceTree = "<group>";
		};
		A165A6BC1AA6A38900FFC0E0 /* LaunchScreen.xib */ = {
			isa = PBXVariantGroup;
			children = (
				A165A6BD1AA6A38900FFC0E0 /* Base */,
			);
			name = LaunchScreen.xib;
			sourceTree = "<group>";
		};
/* End PBXVariantGroup section */

/* Begin XCBuildConfiguration section */
		A165A6CB1AA6A38A00FFC0E0 /* Debug */ = {
			isa = XCBuildConfiguration;
			buildSettings = {
				ALWAYS_SEARCH_USER_PATHS = NO;
				CLANG_CXX_LANGUAGE_STANDARD = "gnu++0x";
				CLANG_CXX_LIBRARY = "libc++";
				CLANG_ENABLE_MODULES = YES;
				CLANG_ENABLE_OBJC_ARC = YES;
				CLANG_WARN_BOOL_CONVERSION = YES;
				CLANG_WARN_CONSTANT_CONVERSION = YES;
				CLANG_WARN_DIRECT_OBJC_ISA_USAGE = YES_ERROR;
				CLANG_WARN_EMPTY_BODY = YES;
				CLANG_WARN_ENUM_CONVERSION = YES;
				CLANG_WARN_INT_CONVERSION = YES;
				CLANG_WARN_OBJC_ROOT_CLASS = YES_ERROR;
				CLANG_WARN_UNREACHABLE_CODE = YES;
				CLANG_WARN__DUPLICATE_METHOD_MATCH = YES;
				"CODE_SIGN_IDENTITY[sdk=iphoneos*]" = "iPhone Developer";
				COPY_PHASE_STRIP = NO;
				ENABLE_STRICT_OBJC_MSGSEND = YES;
				GCC_C_LANGUAGE_STANDARD = gnu99;
				GCC_DYNAMIC_NO_PIC = NO;
				GCC_OPTIMIZATION_LEVEL = 0;
				GCC_PREPROCESSOR_DEFINITIONS = (
					"DEBUG=1",
					"$(inherited)",
				);
				GCC_SYMBOLS_PRIVATE_EXTERN = NO;
				GCC_WARN_64_TO_32_BIT_CONVERSION = YES;
				GCC_WARN_ABOUT_RETURN_TYPE = YES_ERROR;
				GCC_WARN_UNDECLARED_SELECTOR = YES;
				GCC_WARN_UNINITIALIZED_AUTOS = YES_AGGRESSIVE;
				GCC_WARN_UNUSED_FUNCTION = YES;
				GCC_WARN_UNUSED_VARIABLE = YES;
				IPHONEOS_DEPLOYMENT_TARGET = 8.1;
				MTL_ENABLE_DEBUG_INFO = YES;
				ONLY_ACTIVE_ARCH = YES;
				SDKROOT = iphoneos;
			};
			name = Debug;
		};
		A165A6CC1AA6A38A00FFC0E0 /* Release */ = {
			isa = XCBuildConfiguration;
			buildSettings = {
				ALWAYS_SEARCH_USER_PATHS = NO;
				CLANG_CXX_LANGUAGE_STANDARD = "gnu++0x";
				CLANG_CXX_LIBRARY = "libc++";
				CLANG_ENABLE_MODULES = YES;
				CLANG_ENABLE_OBJC_ARC = YES;
				CLANG_WARN_BOOL_CONVERSION = YES;
				CLANG_WARN_CONSTANT_CONVERSION = YES;
				CLANG_WARN_DIRECT_OBJC_ISA_USAGE = YES_ERROR;
				CLANG_WARN_EMPTY_BODY = YES;
				CLANG_WARN_ENUM_CONVERSION = YES;
				CLANG_WARN_INT_CONVERSION = YES;
				CLANG_WARN_OBJC_ROOT_CLASS = YES_ERROR;
				CLANG_WARN_UNREACHABLE_CODE = YES;
				CLANG_WARN__DUPLICATE_METHOD_MATCH = YES;
				"CODE_SIGN_IDENTITY[sdk=iphoneos*]" = "iPhone Developer";
				COPY_PHASE_STRIP = YES;
				ENABLE_NS_ASSERTIONS = NO;
				ENABLE_STRICT_OBJC_MSGSEND = YES;
				GCC_C_LANGUAGE_STANDARD = gnu99;
				GCC_WARN_64_TO_32_BIT_CONVERSION = YES;
				GCC_WARN_ABOUT_RETURN_TYPE = YES_ERROR;
				GCC_WARN_UNDECLARED_SELECTOR = YES;
				GCC_WARN_UNINITIALIZED_AUTOS = YES_AGGRESSIVE;
				GCC_WARN_UNUSED_FUNCTION = YES;
				GCC_WARN_UNUSED_VARIABLE = YES;
				IPHONEOS_DEPLOYMENT_TARGET = 8.1;
				MTL_ENABLE_DEBUG_INFO = NO;
				SDKROOT = iphoneos;
				VALIDATE_PRODUCT = YES;
			};
			name = Release;
		};
		A165A6CE1AA6A38A00FFC0E0 /* Debug */ = {
			isa = XCBuildConfiguration;
			buildSettings = {
				ASSETCATALOG_COMPILER_APPICON_NAME = AppIcon;
				INFOPLIST_FILE = LoginTest/Info.plist;
				LD_RUNPATH_SEARCH_PATHS = "$(inherited) @executable_path/Frameworks";
				PRODUCT_NAME = "$(TARGET_NAME)";
			};
			name = Debug;
		};
		A165A6CF1AA6A38A00FFC0E0 /* Release */ = {
			isa = XCBuildConfiguration;
			buildSettings = {
				ASSETCATALOG_COMPILER_APPICON_NAME = AppIcon;
				INFOPLIST_FILE = LoginTest/Info.plist;
				LD_RUNPATH_SEARCH_PATHS = "$(inherited) @executable_path/Frameworks";
				PRODUCT_NAME = "$(TARGET_NAME)";
			};
			name = Release;
		};
		A165A6D11AA6A38A00FFC0E0 /* Debug */ = {
			isa = XCBuildConfiguration;
			buildSettings = {
				BUNDLE_LOADER = "$(TEST_HOST)";
				FRAMEWORK_SEARCH_PATHS = (
					"$(SDKROOT)/Developer/Library/Frameworks",
					"$(inherited)",
				);
				GCC_PREPROCESSOR_DEFINITIONS = (
					"DEBUG=1",
					"$(inherited)",
				);
				INFOPLIST_FILE = LoginTestTests/Info.plist;
				LD_RUNPATH_SEARCH_PATHS = "$(inherited) @executable_path/Frameworks @loader_path/Frameworks";
				PRODUCT_NAME = "$(TARGET_NAME)";
				TEST_HOST = "$(BUILT_PRODUCTS_DIR)/LoginTest.app/LoginTest";
			};
			name = Debug;
		};
		A165A6D21AA6A38A00FFC0E0 /* Release */ = {
			isa = XCBuildConfiguration;
			buildSettings = {
				BUNDLE_LOADER = "$(TEST_HOST)";
				FRAMEWORK_SEARCH_PATHS = (
					"$(SDKROOT)/Developer/Library/Frameworks",
					"$(inherited)",
				);
				INFOPLIST_FILE = LoginTestTests/Info.plist;
				LD_RUNPATH_SEARCH_PATHS = "$(inherited) @executable_path/Frameworks @loader_path/Frameworks";
				PRODUCT_NAME = "$(TARGET_NAME)";
				TEST_HOST = "$(BUILT_PRODUCTS_DIR)/LoginTest.app/LoginTest";
			};
			name = Release;
		};
/* End XCBuildConfiguration section */

/* Begin XCConfigurationList section */
		A165A6A21AA6A38900FFC0E0 /* Build configuration list for PBXProject "LoginTest" */ = {
			isa = XCConfigurationList;
			buildConfigurations = (
				A165A6CB1AA6A38A00FFC0E0 /* Debug */,
				A165A6CC1AA6A38A00FFC0E0 /* Release */,
			);
			defaultConfigurationIsVisible = 0;
			defaultConfigurationName = Release;
		};
		A165A6CD1AA6A38A00FFC0E0 /* Build configuration list for PBXNativeTarget "LoginTest" */ = {
			isa = XCConfigurationList;
			buildConfigurations = (
				A165A6CE1AA6A38A00FFC0E0 /* Debug */,
				A165A6CF1AA6A38A00FFC0E0 /* Release */,
			);
			defaultConfigurationIsVisible = 0;
		};
		A165A6D01AA6A38A00FFC0E0 /* Build configuration list for PBXNativeTarget "LoginTestTests" */ = {
			isa = XCConfigurationList;
			buildConfigurations = (
				A165A6D11AA6A38A00FFC0E0 /* Debug */,
				A165A6D21AA6A38A00FFC0E0 /* Release */,
			);
			defaultConfigurationIsVisible = 0;
		};
/* End XCConfigurationList section */

/* Begin XCVersionGroup section */
		A165A6B11AA6A38900FFC0E0 /* LoginTest.xcdatamodeld */ = {
			isa = XCVersionGroup;
			children = (
				A165A6B21AA6A38900FFC0E0 /* LoginTest.xcdatamodel */,
			);
			currentVersion = A165A6B21AA6A38900FFC0E0 /* LoginTest.xcdatamodel */;
			path = LoginTest.xcdatamodeld;
			sourceTree = "<group>";
			versionGroupType = wrapper.xcdatamodel;
		};
/* End XCVersionGroup section */
	};
	rootObject = A165A69F1AA6A38900FFC0E0 /* Project object */;
}
